
Microsoft Visual Studio Solution File, Format Version 12.00
# Visual Studio Version 16
VisualStudioVersion = 16.0.31702.278
MinimumVisualStudioVersion = 10.0.40219.1
Project("{FAE04EC0-301F-11D3-BF4B-00C04F79EFBC}") = "APILab", "APILab\APILab.csproj", "{FFCE5477-06D4-46EF-8616-1C61D4820496}"
EndProject
Global
	GlobalSection(SolutionConfigurationPlatforms) = preSolution
		Debug|Any CPU = Debug|Any CPU
		Release|Any CPU = Release|Any CPU
	EndGlobalSection
	GlobalSection(ProjectConfigurationPlatforms) = postSolution
		{FFCE5477-06D4-46EF-8616-1C61D4820496}.Debug|Any CPU.ActiveCfg = Debug|Any CPU
		{FFCE5477-06D4-46EF-8616-1C61D4820496}.Debug|Any CPU.Build.0 = Debug|Any CPU
		{FFCE5477-06D4-46EF-8616-1C61D4820496}.Release|Any CPU.ActiveCfg = Release|Any CPU
		{FFCE5477-06D4-46EF-8616-1C61D4820496}.Release|Any CPU.Build.0 = Release|Any CPU
	EndGlobalSection
	GlobalSection(SolutionProperties) = preSolution
		HideSolutionNode = FALSE
	EndGlobalSection
	GlobalSection(ExtensibilityGlobals) = postSolution
		SolutionGuid = {5E9F33AE-9DA7-405B-8416-074AD751C8AF}
	EndGlobalSection
EndGlobal
